
Microsoft Visual Studio Solution File, Format Version 12.00
# Visual Studio Version 16
VisualStudioVersion = 16.0.30621.155
MinimumVisualStudioVersion = 10.0.40219.1
Project("{FAE04EC0-301F-11D3-BF4B-00C04F79EFBC}") = "TarkovConfigEditor", "TarkovConfigEditor\TarkovConfigEditor.csproj", "{9A3ED0DF-99ED-4006-968A-9D74B4B93265}"
EndProject
Global
	GlobalSection(SolutionConfigurationPlatforms) = preSolution
		Debug|Any CPU = Debug|Any CPU
		Release|Any CPU = Release|Any CPU
	EndGlobalSection
	GlobalSection(ProjectConfigurationPlatforms) = postSolution
		{9A3ED0DF-99ED-4006-968A-9D74B4B93265}.Debug|Any CPU.ActiveCfg = Debug|Any CPU
		{9A3ED0DF-99ED-4006-968A-9D74B4B93265}.Debug|Any CPU.Build.0 = Debug|Any CPU
		{9A3ED0DF-99ED-4006-968A-9D74B4B93265}.Release|Any CPU.ActiveCfg = Release|Any CPU
		{9A3ED0DF-99ED-4006-968A-9D74B4B93265}.Release|Any CPU.Build.0 = Release|Any CPU
	EndGlobalSection
	GlobalSection(SolutionProperties) = preSolution
		HideSolutionNode = FALSE
	EndGlobalSection
	GlobalSection(ExtensibilityGlobals) = postSolution
		SolutionGuid = {AD0BCB0B-8D28-4207-AB80-F17312D79350}
	EndGlobalSection
EndGlobal
